
Microsoft Visual Studio Solution File, Format Version 12.00
# Visual Studio Version 16
VisualStudioVersion = 16.0.30128.36
MinimumVisualStudioVersion = 10.0.40219.1
Project("{9A19103F-16F7-4668-BE54-9A1E7A4F7556}") = "AzurePolicy", "src\AzurePolicy\AzurePolicy.csproj", "{06A27F27-5EEC-40AF-885F-94A556CEE890}"
EndProject
Project("{9A19103F-16F7-4668-BE54-9A1E7A4F7556}") = "AzurePolicyTest", "src\AzurePolicyTest\AzurePolicyTest.csproj", "{D213105B-7E0A-4E9F-96E7-E623EE22751B}"
EndProject
Project("{2150E333-8FDC-42A3-9474-1A3956D46DE8}") = "Doc", "Doc", "{A85ED644-3E88-4A3C-B327-5A2F26071D37}"
	ProjectSection(SolutionItems) = preProject
		README.md = README.md
	EndProjectSection
EndProject
Project("{9A19103F-16F7-4668-BE54-9A1E7A4F7556}") = "ARMOrchestration", "..\ARMOrchestration\src\ARMOrchestration\ARMOrchestration.csproj", "{82ADA7FE-F890-40EA-BEA2-F1577D741035}"
EndProject
Global
	GlobalSection(SolutionConfigurationPlatforms) = preSolution
		Debug|Any CPU = Debug|Any CPU
		Release|Any CPU = Release|Any CPU
	EndGlobalSection
	GlobalSection(ProjectConfigurationPlatforms) = postSolution
		{06A27F27-5EEC-40AF-885F-94A556CEE890}.Debug|Any CPU.ActiveCfg = Debug|Any CPU
		{06A27F27-5EEC-40AF-885F-94A556CEE890}.Debug|Any CPU.Build.0 = Debug|Any CPU
		{06A27F27-5EEC-40AF-885F-94A556CEE890}.Release|Any CPU.ActiveCfg = Release|Any CPU
		{06A27F27-5EEC-40AF-885F-94A556CEE890}.Release|Any CPU.Build.0 = Release|Any CPU
		{D213105B-7E0A-4E9F-96E7-E623EE22751B}.Debug|Any CPU.ActiveCfg = Debug|Any CPU
		{D213105B-7E0A-4E9F-96E7-E623EE22751B}.Debug|Any CPU.Build.0 = Debug|Any CPU
		{D213105B-7E0A-4E9F-96E7-E623EE22751B}.Release|Any CPU.ActiveCfg = Release|Any CPU
		{D213105B-7E0A-4E9F-96E7-E623EE22751B}.Release|Any CPU.Build.0 = Release|Any CPU
		{82ADA7FE-F890-40EA-BEA2-F1577D741035}.Debug|Any CPU.ActiveCfg = Debug|Any CPU
		{82ADA7FE-F890-40EA-BEA2-F1577D741035}.Debug|Any CPU.Build.0 = Debug|Any CPU
		{82ADA7FE-F890-40EA-BEA2-F1577D741035}.Release|Any CPU.ActiveCfg = Release|Any CPU
		{82ADA7FE-F890-40EA-BEA2-F1577D741035}.Release|Any CPU.Build.0 = Release|Any CPU
	EndGlobalSection
	GlobalSection(SolutionProperties) = preSolution
		HideSolutionNode = FALSE
	EndGlobalSection
	GlobalSection(ExtensibilityGlobals) = postSolution
		SolutionGuid = {7084DCD9-6FCC-4874-985B-BD10D9A1F58E}
	EndGlobalSection
EndGlobal
